
Microsoft Visual Studio Solution File, Format Version 12.00
# Visual Studio 15
Project("{FAE04EC0-301F-11D3-BF4B-00C04F79EFBC}") = "EntryTutorial.Android", "EntryTutorial.Android\EntryTutorial.Android.csproj", "{D167956A-168A-44D1-8862-1948285A7734}"
EndProject
Project("{FAE04EC0-301F-11D3-BF4B-00C04F79EFBC}") = "EntryTutorial.iOS", "EntryTutorial.iOS\EntryTutorial.iOS.csproj", "{565B9892-EE98-48CF-9FC4-524515B0087B}"
EndProject
Project("{FAE04EC0-301F-11D3-BF4B-00C04F79EFBC}") = "EntryTutorial.UITests", "EntryTutorial.UITests\EntryTutorial.UITests.csproj", "{F8F66726-D9B5-4852-8487-6A82E48E0A23}"
EndProject
Project("{FAE04EC0-301F-11D3-BF4B-00C04F79EFBC}") = "EntryTutorial", "EntryTutorial\EntryTutorial.csproj", "{B0949D72-0DF9-46DD-BE6C-30E0EB18FD9F}"
EndProject
Global
	GlobalSection(SolutionConfigurationPlatforms) = preSolution
		Debug|Any CPU = Debug|Any CPU
		Release|Any CPU = Release|Any CPU
		Debug|iPhoneSimulator = Debug|iPhoneSimulator
		Release|iPhoneSimulator = Release|iPhoneSimulator
		Debug|iPhone = Debug|iPhone
		Release|iPhone = Release|iPhone
	EndGlobalSection
	GlobalSection(ProjectConfigurationPlatforms) = postSolution
		{D167956A-168A-44D1-8862-1948285A7734}.Debug|Any CPU.ActiveCfg = Debug|Any CPU
		{D167956A-168A-44D1-8862-1948285A7734}.Debug|Any CPU.Build.0 = Debug|Any CPU
		{D167956A-168A-44D1-8862-1948285A7734}.Release|Any CPU.ActiveCfg = Release|Any CPU
		{D167956A-168A-44D1-8862-1948285A7734}.Release|Any CPU.Build.0 = Release|Any CPU
		{D167956A-168A-44D1-8862-1948285A7734}.Debug|iPhoneSimulator.ActiveCfg = Debug|Any CPU
		{D167956A-168A-44D1-8862-1948285A7734}.Debug|iPhoneSimulator.Build.0 = Debug|Any CPU
		{D167956A-168A-44D1-8862-1948285A7734}.Release|iPhoneSimulator.ActiveCfg = Release|Any CPU
		{D167956A-168A-44D1-8862-1948285A7734}.Release|iPhoneSimulator.Build.0 = Release|Any CPU
		{D167956A-168A-44D1-8862-1948285A7734}.Debug|iPhone.ActiveCfg = Debug|Any CPU
		{D167956A-168A-44D1-8862-1948285A7734}.Debug|iPhone.Build.0 = Debug|Any CPU
		{D167956A-168A-44D1-8862-1948285A7734}.Release|iPhone.ActiveCfg = Release|Any CPU
		{D167956A-168A-44D1-8862-1948285A7734}.Release|iPhone.Build.0 = Release|Any CPU
		{565B9892-EE98-48CF-9FC4-524515B0087B}.Debug|Any CPU.ActiveCfg = Debug|iPhoneSimulator
		{565B9892-EE98-48CF-9FC4-524515B0087B}.Debug|Any CPU.Build.0 = Debug|iPhoneSimulator
		{565B9892-EE98-48CF-9FC4-524515B0087B}.Release|Any CPU.ActiveCfg = Release|iPhoneSimulator
		{565B9892-EE98-48CF-9FC4-524515B0087B}.Release|Any CPU.Build.0 = Release|iPhoneSimulator
		{565B9892-EE98-48CF-9FC4-524515B0087B}.Debug|iPhoneSimulator.ActiveCfg = Debug|iPhoneSimulator
		{565B9892-EE98-48CF-9FC4-524515B0087B}.Debug|iPhoneSimulator.Build.0 = Debug|iPhoneSimulator
		{565B9892-EE98-48CF-9FC4-524515B0087B}.Release|iPhoneSimulator.ActiveCfg = Release|iPhoneSimulator
		{565B9892-EE98-48CF-9FC4-524515B0087B}.Release|iPhoneSimulator.Build.0 = Release|iPhoneSimulator
		{565B9892-EE98-48CF-9FC4-524515B0087B}.Debug|iPhone.ActiveCfg = Debug|iPhone
		{565B9892-EE98-48CF-9FC4-524515B0087B}.Debug|iPhone.Build.0 = Debug|iPhone
		{565B9892-EE98-48CF-9FC4-524515B0087B}.Release|iPhone.ActiveCfg = Release|iPhone
		{565B9892-EE98-48CF-9FC4-524515B0087B}.Release|iPhone.Build.0 = Release|iPhone
		{F8F66726-D9B5-4852-8487-6A82E48E0A23}.Debug|Any CPU.ActiveCfg = Debug|Any CPU
		{F8F66726-D9B5-4852-8487-6A82E48E0A23}.Debug|Any CPU.Build.0 = Debug|Any CPU
		{F8F66726-D9B5-4852-8487-6A82E48E0A23}.Release|Any CPU.ActiveCfg = Release|Any CPU
		{F8F66726-D9B5-4852-8487-6A82E48E0A23}.Release|Any CPU.Build.0 = Release|Any CPU
		{F8F66726-D9B5-4852-8487-6A82E48E0A23}.Debug|iPhoneSimulator.ActiveCfg = Debug|Any CPU
		{F8F66726-D9B5-4852-8487-6A82E48E0A23}.Debug|iPhoneSimulator.Build.0 = Debug|Any CPU
		{F8F66726-D9B5-4852-8487-6A82E48E0A23}.Release|iPhoneSimulator.ActiveCfg = Release|Any CPU
		{F8F66726-D9B5-4852-8487-6A82E48E0A23}.Release|iPhoneSimulator.Build.0 = Release|Any CPU
		{F8F66726-D9B5-4852-8487-6A82E48E0A23}.Debug|iPhone.ActiveCfg = Debug|Any CPU
		{F8F66726-D9B5-4852-8487-6A82E48E0A23}.Debug|iPhone.Build.0 = Debug|Any CPU
		{F8F66726-D9B5-4852-8487-6A82E48E0A23}.Release|iPhone.ActiveCfg = Release|Any CPU
		{F8F66726-D9B5-4852-8487-6A82E48E0A23}.Release|iPhone.Build.0 = Release|Any CPU
		{B0949D72-0DF9-46DD-BE6C-30E0EB18FD9F}.Debug|Any CPU.ActiveCfg = Debug|Any CPU
		{B0949D72-0DF9-46DD-BE6C-30E0EB18FD9F}.Debug|Any CPU.Build.0 = Debug|Any CPU
		{B0949D72-0DF9-46DD-BE6C-30E0EB18FD9F}.Release|Any CPU.ActiveCfg = Release|Any CPU
		{B0949D72-0DF9-46DD-BE6C-30E0EB18FD9F}.Release|Any CPU.Build.0 = Release|Any CPU
		{B0949D72-0DF9-46DD-BE6C-30E0EB18FD9F}.Debug|iPhoneSimulator.ActiveCfg = Debug|Any CPU
		{B0949D72-0DF9-46DD-BE6C-30E0EB18FD9F}.Debug|iPhoneSimulator.Build.0 = Debug|Any CPU
		{B0949D72-0DF9-46DD-BE6C-30E0EB18FD9F}.Release|iPhoneSimulator.ActiveCfg = Release|Any CPU
		{B0949D72-0DF9-46DD-BE6C-30E0EB18FD9F}.Release|iPhoneSimulator.Build.0 = Release|Any CPU
		{B0949D72-0DF9-46DD-BE6C-30E0EB18FD9F}.Debug|iPhone.ActiveCfg = Debug|Any CPU
		{B0949D72-0DF9-46DD-BE6C-30E0EB18FD9F}.Debug|iPhone.Build.0 = Debug|Any CPU
		{B0949D72-0DF9-46DD-BE6C-30E0EB18FD9F}.Release|iPhone.ActiveCfg = Release|Any CPU
		{B0949D72-0DF9-46DD-BE6C-30E0EB18FD9F}.Release|iPhone.Build.0 = Release|Any CPU
	EndGlobalSection
EndGlobal
