
Microsoft Visual Studio Solution File, Format Version 12.00
# Visual Studio 15
Project("{FAE04EC0-301F-11D3-BF4B-00C04F79EFBC}") = "LocalDatabaseTutorial.Android", "LocalDatabaseTutorial.Android\LocalDatabaseTutorial.Android.csproj", "{7ACC9AFC-8EC8-4A19-9F3C-94262A4445C8}"
EndProject
Project("{FAE04EC0-301F-11D3-BF4B-00C04F79EFBC}") = "LocalDatabaseTutorial.iOS", "LocalDatabaseTutorial.iOS\LocalDatabaseTutorial.iOS.csproj", "{56A33A81-ACF4-4D29-B0A6-CEEF58D94966}"
EndProject
Project("{FAE04EC0-301F-11D3-BF4B-00C04F79EFBC}") = "LocalDatabaseTutorial.UITests", "LocalDatabaseTutorial.UITests\LocalDatabaseTutorial.UITests.csproj", "{340925ED-F0F7-42DA-A3A6-ED757ED778CF}"
EndProject
Project("{FAE04EC0-301F-11D3-BF4B-00C04F79EFBC}") = "LocalDatabaseTutorial", "LocalDatabaseTutorial\LocalDatabaseTutorial.csproj", "{59B8E3BC-2C67-441E-9751-52D7AFB316F3}"
EndProject
Global
	GlobalSection(SolutionConfigurationPlatforms) = preSolution
		Debug|Any CPU = Debug|Any CPU
		Release|Any CPU = Release|Any CPU
		Debug|iPhoneSimulator = Debug|iPhoneSimulator
		Release|iPhoneSimulator = Release|iPhoneSimulator
		Debug|iPhone = Debug|iPhone
		Release|iPhone = Release|iPhone
	EndGlobalSection
	GlobalSection(ProjectConfigurationPlatforms) = postSolution
		{7ACC9AFC-8EC8-4A19-9F3C-94262A4445C8}.Debug|Any CPU.ActiveCfg = Debug|Any CPU
		{7ACC9AFC-8EC8-4A19-9F3C-94262A4445C8}.Debug|Any CPU.Build.0 = Debug|Any CPU
		{7ACC9AFC-8EC8-4A19-9F3C-94262A4445C8}.Release|Any CPU.ActiveCfg = Release|Any CPU
		{7ACC9AFC-8EC8-4A19-9F3C-94262A4445C8}.Release|Any CPU.Build.0 = Release|Any CPU
		{7ACC9AFC-8EC8-4A19-9F3C-94262A4445C8}.Debug|iPhoneSimulator.ActiveCfg = Debug|Any CPU
		{7ACC9AFC-8EC8-4A19-9F3C-94262A4445C8}.Debug|iPhoneSimulator.Build.0 = Debug|Any CPU
		{7ACC9AFC-8EC8-4A19-9F3C-94262A4445C8}.Release|iPhoneSimulator.ActiveCfg = Release|Any CPU
		{7ACC9AFC-8EC8-4A19-9F3C-94262A4445C8}.Release|iPhoneSimulator.Build.0 = Release|Any CPU
		{7ACC9AFC-8EC8-4A19-9F3C-94262A4445C8}.Debug|iPhone.ActiveCfg = Debug|Any CPU
		{7ACC9AFC-8EC8-4A19-9F3C-94262A4445C8}.Debug|iPhone.Build.0 = Debug|Any CPU
		{7ACC9AFC-8EC8-4A19-9F3C-94262A4445C8}.Release|iPhone.ActiveCfg = Release|Any CPU
		{7ACC9AFC-8EC8-4A19-9F3C-94262A4445C8}.Release|iPhone.Build.0 = Release|Any CPU
		{56A33A81-ACF4-4D29-B0A6-CEEF58D94966}.Debug|Any CPU.ActiveCfg = Debug|iPhoneSimulator
		{56A33A81-ACF4-4D29-B0A6-CEEF58D94966}.Debug|Any CPU.Build.0 = Debug|iPhoneSimulator
		{56A33A81-ACF4-4D29-B0A6-CEEF58D94966}.Release|Any CPU.ActiveCfg = Release|iPhoneSimulator
		{56A33A81-ACF4-4D29-B0A6-CEEF58D94966}.Release|Any CPU.Build.0 = Release|iPhoneSimulator
		{56A33A81-ACF4-4D29-B0A6-CEEF58D94966}.Debug|iPhoneSimulator.ActiveCfg = Debug|iPhoneSimulator
		{56A33A81-ACF4-4D29-B0A6-CEEF58D94966}.Debug|iPhoneSimulator.Build.0 = Debug|iPhoneSimulator
		{56A33A81-ACF4-4D29-B0A6-CEEF58D94966}.Release|iPhoneSimulator.ActiveCfg = Release|iPhoneSimulator
		{56A33A81-ACF4-4D29-B0A6-CEEF58D94966}.Release|iPhoneSimulator.Build.0 = Release|iPhoneSimulator
		{56A33A81-ACF4-4D29-B0A6-CEEF58D94966}.Debug|iPhone.ActiveCfg = Debug|iPhone
		{56A33A81-ACF4-4D29-B0A6-CEEF58D94966}.Debug|iPhone.Build.0 = Debug|iPhone
		{56A33A81-ACF4-4D29-B0A6-CEEF58D94966}.Release|iPhone.ActiveCfg = Release|iPhone
		{56A33A81-ACF4-4D29-B0A6-CEEF58D94966}.Release|iPhone.Build.0 = Release|iPhone
		{340925ED-F0F7-42DA-A3A6-ED757ED778CF}.Debug|Any CPU.ActiveCfg = Debug|Any CPU
		{340925ED-F0F7-42DA-A3A6-ED757ED778CF}.Debug|Any CPU.Build.0 = Debug|Any CPU
		{340925ED-F0F7-42DA-A3A6-ED757ED778CF}.Release|Any CPU.ActiveCfg = Release|Any CPU
		{340925ED-F0F7-42DA-A3A6-ED757ED778CF}.Release|Any CPU.Build.0 = Release|Any CPU
		{340925ED-F0F7-42DA-A3A6-ED757ED778CF}.Debug|iPhoneSimulator.ActiveCfg = Debug|Any CPU
		{340925ED-F0F7-42DA-A3A6-ED757ED778CF}.Debug|iPhoneSimulator.Build.0 = Debug|Any CPU
		{340925ED-F0F7-42DA-A3A6-ED757ED778CF}.Release|iPhoneSimulator.ActiveCfg = Release|Any CPU
		{340925ED-F0F7-42DA-A3A6-ED757ED778CF}.Release|iPhoneSimulator.Build.0 = Release|Any CPU
		{340925ED-F0F7-42DA-A3A6-ED757ED778CF}.Debug|iPhone.ActiveCfg = Debug|Any CPU
		{340925ED-F0F7-42DA-A3A6-ED757ED778CF}.Debug|iPhone.Build.0 = Debug|Any CPU
		{340925ED-F0F7-42DA-A3A6-ED757ED778CF}.Release|iPhone.ActiveCfg = Release|Any CPU
		{340925ED-F0F7-42DA-A3A6-ED757ED778CF}.Release|iPhone.Build.0 = Release|Any CPU
		{59B8E3BC-2C67-441E-9751-52D7AFB316F3}.Debug|Any CPU.ActiveCfg = Debug|Any CPU
		{59B8E3BC-2C67-441E-9751-52D7AFB316F3}.Debug|Any CPU.Build.0 = Debug|Any CPU
		{59B8E3BC-2C67-441E-9751-52D7AFB316F3}.Release|Any CPU.ActiveCfg = Release|Any CPU
		{59B8E3BC-2C67-441E-9751-52D7AFB316F3}.Release|Any CPU.Build.0 = Release|Any CPU
		{59B8E3BC-2C67-441E-9751-52D7AFB316F3}.Debug|iPhoneSimulator.ActiveCfg = Debug|Any CPU
		{59B8E3BC-2C67-441E-9751-52D7AFB316F3}.Debug|iPhoneSimulator.Build.0 = Debug|Any CPU
		{59B8E3BC-2C67-441E-9751-52D7AFB316F3}.Release|iPhoneSimulator.ActiveCfg = Release|Any CPU
		{59B8E3BC-2C67-441E-9751-52D7AFB316F3}.Release|iPhoneSimulator.Build.0 = Release|Any CPU
		{59B8E3BC-2C67-441E-9751-52D7AFB316F3}.Debug|iPhone.ActiveCfg = Debug|Any CPU
		{59B8E3BC-2C67-441E-9751-52D7AFB316F3}.Debug|iPhone.Build.0 = Debug|Any CPU
		{59B8E3BC-2C67-441E-9751-52D7AFB316F3}.Release|iPhone.ActiveCfg = Release|Any CPU
		{59B8E3BC-2C67-441E-9751-52D7AFB316F3}.Release|iPhone.Build.0 = Release|Any CPU
	EndGlobalSection
EndGlobal
